
Microsoft Visual Studio Solution File, Format Version 12.00
# Visual Studio Version 17
VisualStudioVersion = 17.10.34928.147
MinimumVisualStudioVersion = 10.0.40219.1
Project("{9A19103F-16F7-4668-BE54-9A1E7A4F7556}") = "138. Exception object", "138. Exception object\138. Exception object.csproj", "{4236C86A-566F-4495-AAD8-B12819D5D370}"
EndProject
Project("{9A19103F-16F7-4668-BE54-9A1E7A4F7556}") = "139. Stack trace", "139. Stack trace\139. Stack trace.csproj", "{276EFFEB-1D54-4984-9BF4-970E6913FCB1}"
EndProject
Project("{9A19103F-16F7-4668-BE54-9A1E7A4F7556}") = "140. Handling exceptions. Try-catch-finally", "140. Handling exceptions. Try-catch-finally\140. Handling exceptions. Try-catch-finally.csproj", "{963D03EC-8BB2-40FB-9641-520A4FF6EAB4}"
EndProject
Project("{9A19103F-16F7-4668-BE54-9A1E7A4F7556}") = "141. Multiple catch blocks", "141. Multiple catch blocks\141. Multiple catch blocks.csproj", "{EACA1B35-127A-4801-A0F2-A2DA9D59CE24}"
EndProject
Project("{9A19103F-16F7-4668-BE54-9A1E7A4F7556}") = "142. Throwing exceptions explicitly", "142. Throwing exceptions explicitly\142. Throwing exceptions explicitly.csproj", "{60E28538-5473-4BBB-9D00-17F7F34282B6}"
EndProject
Project("{9A19103F-16F7-4668-BE54-9A1E7A4F7556}") = "142_1. Throwing exceptions explicitly", "142_1. Throwing exceptions explicitly\142_1. Throwing exceptions explicitly.csproj", "{13D7C349-DE4A-4F26-8A70-3C6D38FF93BE}"
EndProject
Project("{9A19103F-16F7-4668-BE54-9A1E7A4F7556}") = "143. Built-in exception types", "143. Built-in exception types\143. Built-in exception types.csproj", "{4D98AFDF-E796-4E06-88D2-DF034A8A487E}"
EndProject
Project("{9A19103F-16F7-4668-BE54-9A1E7A4F7556}") = "144. StackOverflowException. Recursive methods", "144. StackOverflowException. Recursive methods\144. StackOverflowException. Recursive methods.csproj", "{5C97DD00-9EC7-49FD-B67A-F39C10B7C53E}"
EndProject
Project("{9A19103F-16F7-4668-BE54-9A1E7A4F7556}") = "145. Precise exceptions", "145. Precise exceptions\145. Precise exceptions.csproj", "{176D85F6-AF34-449E-99B3-A9282429444B}"
EndProject
Project("{9A19103F-16F7-4668-BE54-9A1E7A4F7556}") = "146. Rethrowing exceptions. 'throw' vs 'throw ex'", "146. Rethrowing exceptions. 'throw' vs 'throw ex'\146. Rethrowing exceptions. 'throw' vs 'throw ex'.csproj", "{9D412AA9-3CDC-4492-A061-B882262544FA}"
EndProject
Project("{9A19103F-16F7-4668-BE54-9A1E7A4F7556}") = "147. Rethrowing a System.Exception object", "147. Rethrowing a System.Exception object\147. Rethrowing a System.Exception object.csproj", "{D9BAFDA7-7B11-4CFC-B58B-A3B7C8C9D4CD}"
EndProject
Project("{9A19103F-16F7-4668-BE54-9A1E7A4F7556}") = "148. Global try-catch block", "148. Global try-catch block\148. Global try-catch block.csproj", "{4CC8867A-E516-43D2-8F1B-6A222A2D8C49}"
EndProject
Project("{9A19103F-16F7-4668-BE54-9A1E7A4F7556}") = "153. Code inside the catch block", "153. Code inside the catch block\153. Code inside the catch block.csproj", "{6977D4A2-BE2A-4099-8C6C-AC94B63A523B}"
EndProject
Project("{9A19103F-16F7-4668-BE54-9A1E7A4F7556}") = "154. Exception filters", "154. Exception filters\154. Exception filters.csproj", "{13917DC4-0F2E-41D0-A07B-1F0E0156251F}"
EndProject
Project("{9A19103F-16F7-4668-BE54-9A1E7A4F7556}") = "155. Custom exceptions", "155. Custom exceptions\155. Custom exceptions.csproj", "{6A237438-282D-4E48-A4AC-98855A2AB894}"
EndProject
Project("{9A19103F-16F7-4668-BE54-9A1E7A4F7556}") = "156. When to define custom exceptions", "156. When to define custom exceptions\156. When to define custom exceptions.csproj", "{C8EA7E09-5700-4B9A-9517-1A30EBB2C23B}"
EndProject
Project("{FAE04EC0-301F-11D3-BF4B-00C04F79EFBC}") = "157. Exceptions as a hidden part of a method signature", "157. Exceptions as a hidden part of a method signature\157. Exceptions as a hidden part of a method signature.csproj", "{5706131C-D565-4180-82B0-8C8CA24A7605}"
EndProject
Project("{FAE04EC0-301F-11D3-BF4B-00C04F79EFBC}") = "158. Two extreme schools of using exceptions", "158. Two extreme schools of using exceptions\158. Two extreme schools of using exceptions.csproj", "{5127E69D-ABDC-41C8-92C0-78CDBD6EC86B}"
EndProject
Project("{FAE04EC0-301F-11D3-BF4B-00C04F79EFBC}") = "159. Smart usage of exceptions - throw", "159. Smart usage of exceptions - throw\159. Smart usage of exceptions - throw.csproj", "{64C772AA-863F-4734-9E51-A1633A042E0C}"
EndProject
Project("{FAE04EC0-301F-11D3-BF4B-00C04F79EFBC}") = "160. Smart usage of exceptions - catch", "160. Smart usage of exceptions - catch\160. Smart usage of exceptions - catch.csproj", "{C1488761-9B6D-4BE5-A42F-F00215741898}"
EndProject
Global
	GlobalSection(SolutionConfigurationPlatforms) = preSolution
		Debug|Any CPU = Debug|Any CPU
		Release|Any CPU = Release|Any CPU
	EndGlobalSection
	GlobalSection(ProjectConfigurationPlatforms) = postSolution
		{4236C86A-566F-4495-AAD8-B12819D5D370}.Debug|Any CPU.ActiveCfg = Debug|Any CPU
		{4236C86A-566F-4495-AAD8-B12819D5D370}.Debug|Any CPU.Build.0 = Debug|Any CPU
		{4236C86A-566F-4495-AAD8-B12819D5D370}.Release|Any CPU.ActiveCfg = Release|Any CPU
		{4236C86A-566F-4495-AAD8-B12819D5D370}.Release|Any CPU.Build.0 = Release|Any CPU
		{276EFFEB-1D54-4984-9BF4-970E6913FCB1}.Debug|Any CPU.ActiveCfg = Debug|Any CPU
		{276EFFEB-1D54-4984-9BF4-970E6913FCB1}.Debug|Any CPU.Build.0 = Debug|Any CPU
		{276EFFEB-1D54-4984-9BF4-970E6913FCB1}.Release|Any CPU.ActiveCfg = Release|Any CPU
		{276EFFEB-1D54-4984-9BF4-970E6913FCB1}.Release|Any CPU.Build.0 = Release|Any CPU
		{963D03EC-8BB2-40FB-9641-520A4FF6EAB4}.Debug|Any CPU.ActiveCfg = Debug|Any CPU
		{963D03EC-8BB2-40FB-9641-520A4FF6EAB4}.Debug|Any CPU.Build.0 = Debug|Any CPU
		{963D03EC-8BB2-40FB-9641-520A4FF6EAB4}.Release|Any CPU.ActiveCfg = Release|Any CPU
		{963D03EC-8BB2-40FB-9641-520A4FF6EAB4}.Release|Any CPU.Build.0 = Release|Any CPU
		{EACA1B35-127A-4801-A0F2-A2DA9D59CE24}.Debug|Any CPU.ActiveCfg = Debug|Any CPU
		{EACA1B35-127A-4801-A0F2-A2DA9D59CE24}.Debug|Any CPU.Build.0 = Debug|Any CPU
		{EACA1B35-127A-4801-A0F2-A2DA9D59CE24}.Release|Any CPU.ActiveCfg = Release|Any CPU
		{EACA1B35-127A-4801-A0F2-A2DA9D59CE24}.Release|Any CPU.Build.0 = Release|Any CPU
		{60E28538-5473-4BBB-9D00-17F7F34282B6}.Debug|Any CPU.ActiveCfg = Debug|Any CPU
		{60E28538-5473-4BBB-9D00-17F7F34282B6}.Debug|Any CPU.Build.0 = Debug|Any CPU
		{60E28538-5473-4BBB-9D00-17F7F34282B6}.Release|Any CPU.ActiveCfg = Release|Any CPU
		{60E28538-5473-4BBB-9D00-17F7F34282B6}.Release|Any CPU.Build.0 = Release|Any CPU
		{13D7C349-DE4A-4F26-8A70-3C6D38FF93BE}.Debug|Any CPU.ActiveCfg = Debug|Any CPU
		{13D7C349-DE4A-4F26-8A70-3C6D38FF93BE}.Debug|Any CPU.Build.0 = Debug|Any CPU
		{13D7C349-DE4A-4F26-8A70-3C6D38FF93BE}.Release|Any CPU.ActiveCfg = Release|Any CPU
		{13D7C349-DE4A-4F26-8A70-3C6D38FF93BE}.Release|Any CPU.Build.0 = Release|Any CPU
		{4D98AFDF-E796-4E06-88D2-DF034A8A487E}.Debug|Any CPU.ActiveCfg = Debug|Any CPU
		{4D98AFDF-E796-4E06-88D2-DF034A8A487E}.Debug|Any CPU.Build.0 = Debug|Any CPU
		{4D98AFDF-E796-4E06-88D2-DF034A8A487E}.Release|Any CPU.ActiveCfg = Release|Any CPU
		{4D98AFDF-E796-4E06-88D2-DF034A8A487E}.Release|Any CPU.Build.0 = Release|Any CPU
		{5C97DD00-9EC7-49FD-B67A-F39C10B7C53E}.Debug|Any CPU.ActiveCfg = Debug|Any CPU
		{5C97DD00-9EC7-49FD-B67A-F39C10B7C53E}.Debug|Any CPU.Build.0 = Debug|Any CPU
		{5C97DD00-9EC7-49FD-B67A-F39C10B7C53E}.Release|Any CPU.ActiveCfg = Release|Any CPU
		{5C97DD00-9EC7-49FD-B67A-F39C10B7C53E}.Release|Any CPU.Build.0 = Release|Any CPU
		{176D85F6-AF34-449E-99B3-A9282429444B}.Debug|Any CPU.ActiveCfg = Debug|Any CPU
		{176D85F6-AF34-449E-99B3-A9282429444B}.Debug|Any CPU.Build.0 = Debug|Any CPU
		{176D85F6-AF34-449E-99B3-A9282429444B}.Release|Any CPU.ActiveCfg = Release|Any CPU
		{176D85F6-AF34-449E-99B3-A9282429444B}.Release|Any CPU.Build.0 = Release|Any CPU
		{9D412AA9-3CDC-4492-A061-B882262544FA}.Debug|Any CPU.ActiveCfg = Debug|Any CPU
		{9D412AA9-3CDC-4492-A061-B882262544FA}.Debug|Any CPU.Build.0 = Debug|Any CPU
		{9D412AA9-3CDC-4492-A061-B882262544FA}.Release|Any CPU.ActiveCfg = Release|Any CPU
		{9D412AA9-3CDC-4492-A061-B882262544FA}.Release|Any CPU.Build.0 = Release|Any CPU
		{D9BAFDA7-7B11-4CFC-B58B-A3B7C8C9D4CD}.Debug|Any CPU.ActiveCfg = Debug|Any CPU
		{D9BAFDA7-7B11-4CFC-B58B-A3B7C8C9D4CD}.Debug|Any CPU.Build.0 = Debug|Any CPU
		{D9BAFDA7-7B11-4CFC-B58B-A3B7C8C9D4CD}.Release|Any CPU.ActiveCfg = Release|Any CPU
		{D9BAFDA7-7B11-4CFC-B58B-A3B7C8C9D4CD}.Release|Any CPU.Build.0 = Release|Any CPU
		{4CC8867A-E516-43D2-8F1B-6A222A2D8C49}.Debug|Any CPU.ActiveCfg = Debug|Any CPU
		{4CC8867A-E516-43D2-8F1B-6A222A2D8C49}.Debug|Any CPU.Build.0 = Debug|Any CPU
		{4CC8867A-E516-43D2-8F1B-6A222A2D8C49}.Release|Any CPU.ActiveCfg = Release|Any CPU
		{4CC8867A-E516-43D2-8F1B-6A222A2D8C49}.Release|Any CPU.Build.0 = Release|Any CPU
		{6977D4A2-BE2A-4099-8C6C-AC94B63A523B}.Debug|Any CPU.ActiveCfg = Debug|Any CPU
		{6977D4A2-BE2A-4099-8C6C-AC94B63A523B}.Debug|Any CPU.Build.0 = Debug|Any CPU
		{6977D4A2-BE2A-4099-8C6C-AC94B63A523B}.Release|Any CPU.ActiveCfg = Release|Any CPU
		{6977D4A2-BE2A-4099-8C6C-AC94B63A523B}.Release|Any CPU.Build.0 = Release|Any CPU
		{13917DC4-0F2E-41D0-A07B-1F0E0156251F}.Debug|Any CPU.ActiveCfg = Debug|Any CPU
		{13917DC4-0F2E-41D0-A07B-1F0E0156251F}.Debug|Any CPU.Build.0 = Debug|Any CPU
		{13917DC4-0F2E-41D0-A07B-1F0E0156251F}.Release|Any CPU.ActiveCfg = Release|Any CPU
		{13917DC4-0F2E-41D0-A07B-1F0E0156251F}.Release|Any CPU.Build.0 = Release|Any CPU
		{6A237438-282D-4E48-A4AC-98855A2AB894}.Debug|Any CPU.ActiveCfg = Debug|Any CPU
		{6A237438-282D-4E48-A4AC-98855A2AB894}.Debug|Any CPU.Build.0 = Debug|Any CPU
		{6A237438-282D-4E48-A4AC-98855A2AB894}.Release|Any CPU.ActiveCfg = Release|Any CPU
		{6A237438-282D-4E48-A4AC-98855A2AB894}.Release|Any CPU.Build.0 = Release|Any CPU
		{C8EA7E09-5700-4B9A-9517-1A30EBB2C23B}.Debug|Any CPU.ActiveCfg = Debug|Any CPU
		{C8EA7E09-5700-4B9A-9517-1A30EBB2C23B}.Debug|Any CPU.Build.0 = Debug|Any CPU
		{C8EA7E09-5700-4B9A-9517-1A30EBB2C23B}.Release|Any CPU.ActiveCfg = Release|Any CPU
		{C8EA7E09-5700-4B9A-9517-1A30EBB2C23B}.Release|Any CPU.Build.0 = Release|Any CPU
		{5706131C-D565-4180-82B0-8C8CA24A7605}.Debug|Any CPU.ActiveCfg = Debug|Any CPU
		{5706131C-D565-4180-82B0-8C8CA24A7605}.Debug|Any CPU.Build.0 = Debug|Any CPU
		{5706131C-D565-4180-82B0-8C8CA24A7605}.Release|Any CPU.ActiveCfg = Release|Any CPU
		{5706131C-D565-4180-82B0-8C8CA24A7605}.Release|Any CPU.Build.0 = Release|Any CPU
		{5127E69D-ABDC-41C8-92C0-78CDBD6EC86B}.Debug|Any CPU.ActiveCfg = Debug|Any CPU
		{5127E69D-ABDC-41C8-92C0-78CDBD6EC86B}.Debug|Any CPU.Build.0 = Debug|Any CPU
		{5127E69D-ABDC-41C8-92C0-78CDBD6EC86B}.Release|Any CPU.ActiveCfg = Release|Any CPU
		{5127E69D-ABDC-41C8-92C0-78CDBD6EC86B}.Release|Any CPU.Build.0 = Release|Any CPU
		{64C772AA-863F-4734-9E51-A1633A042E0C}.Debug|Any CPU.ActiveCfg = Debug|Any CPU
		{64C772AA-863F-4734-9E51-A1633A042E0C}.Debug|Any CPU.Build.0 = Debug|Any CPU
		{64C772AA-863F-4734-9E51-A1633A042E0C}.Release|Any CPU.ActiveCfg = Release|Any CPU
		{64C772AA-863F-4734-9E51-A1633A042E0C}.Release|Any CPU.Build.0 = Release|Any CPU
		{C1488761-9B6D-4BE5-A42F-F00215741898}.Debug|Any CPU.ActiveCfg = Debug|Any CPU
		{C1488761-9B6D-4BE5-A42F-F00215741898}.Debug|Any CPU.Build.0 = Debug|Any CPU
		{C1488761-9B6D-4BE5-A42F-F00215741898}.Release|Any CPU.ActiveCfg = Release|Any CPU
		{C1488761-9B6D-4BE5-A42F-F00215741898}.Release|Any CPU.Build.0 = Release|Any CPU
	EndGlobalSection
	GlobalSection(SolutionProperties) = preSolution
		HideSolutionNode = FALSE
	EndGlobalSection
	GlobalSection(ExtensibilityGlobals) = postSolution
		SolutionGuid = {A2D4EC31-8C4C-4B66-A4F9-97C12F6992EF}
	EndGlobalSection
EndGlobal
